// !$*UTF8*$!
{
	archiveVersion = 1;
	classes = {
	};
	objectVersion = 50;
	objects = {

/* Begin PBXBuildFile section */
		BDD4B78E255D439E005DF882 /* AppDelegate.swift in Sources */ = {isa = PBXBuildFile; fileRef = BDD4B78D255D439E005DF882 /* AppDelegate.swift */; };
		BDD4B790255D439E005DF882 /* SceneDelegate.swift in Sources */ = {isa = PBXBuildFile; fileRef = BDD4B78F255D439E005DF882 /* SceneDelegate.swift */; };
		BDD4B792255D439E005DF882 /* ViewController.swift in Sources */ = {isa = PBXBuildFile; fileRef = BDD4B791255D439E005DF882 /* ViewController.swift */; };
		BDD4B795255D439E005DF882 /* Main.storyboard in Resources */ = {isa = PBXBuildFile; fileRef = BDD4B793255D439E005DF882 /* Main.storyboard */; };
		BDD4B797255D439F005DF882 /* Assets.xcassets in Resources */ = {isa = PBXBuildFile; fileRef = BDD4B796255D439F005DF882 /* Assets.xcassets */; };
		BDD4B79A255D439F005DF882 /* LaunchScreen.storyboard in Resources */ = {isa = PBXBuildFile; fileRef = BDD4B798255D439F005DF882 /* LaunchScreen.storyboard */; };
		BDD4B7A3255D4649005DF882 /* CollectionViewCell.swift in Sources */ = {isa = PBXBuildFile; fileRef = BDD4B7A2255D4649005DF882 /* CollectionViewCell.swift */; };
/* End PBXBuildFile section */

/* Begin PBXFileReference section */
		BDD4B78A255D439E005DF882 /* exercise_collection_view.app */ = {isa = PBXFileReference; explicitFileType = wrapper.application; includeInIndex = 0; path = exercise_collection_view.app; sourceTree = BUILT_PRODUCTS_DIR; };
		BDD4B78D255D439E005DF882 /* AppDelegate.swift */ = {isa = PBXFileReference; lastKnownFileType = sourcecode.swift; path = AppDelegate.swift; sourceTree = "<group>"; };
		BDD4B78F255D439E005DF882 /* SceneDelegate.swift */ = {isa = PBXFileReference; lastKnownFileType = sourcecode.swift; path = SceneDelegate.swift; sourceTree = "<group>"; };
		BDD4B791255D439E005DF882 /* ViewController.swift */ = {isa = PBXFileReference; lastKnownFileType = sourcecode.swift; path = ViewController.swift; sourceTree = "<group>"; };
		BDD4B794255D439E005DF882 /* Base */ = {isa = PBXFileReference; lastKnownFileType = file.storyboard; name = Base; path = Base.lproj/Main.storyboard; sourceTree = "<group>"; };
		BDD4B796255D439F005DF882 /* Assets.xcassets */ = {isa = PBXFileReference; lastKnownFileType = folder.assetcatalog; path = Assets.xcassets; sourceTree = "<group>"; };
		BDD4B799255D439F005DF882 /* Base */ = {isa = PBXFileReference; lastKnownFileType = file.storyboard; name = Base; path = Base.lproj/LaunchScreen.storyboard; sourceTree = "<group>"; };
		BDD4B79B255D439F005DF882 /* Info.plist */ = {isa = PBXFileReference; lastKnownFileType = text.plist.xml; path = Info.plist; sourceTree = "<group>"; };
		BDD4B7A2255D4649005DF882 /* CollectionViewCell.swift */ = {isa = PBXFileReference; lastKnownFileType = sourcecode.swift; path = CollectionViewCell.swift; sourceTree = "<group>"; };
/* End PBXFileReference section */

/* Begin PBXFrameworksBuildPhase section */
		BDD4B787255D439E005DF882 /* Frameworks */ = {
			isa = PBXFrameworksBuildPhase;
			buildActionMask = 2147483647;
			files = (
			);
			runOnlyForDeploymentPostprocessing = 0;
		};
/* End PBXFrameworksBuildPhase section */

/* Begin PBXGroup section */
		BDD4B781255D439E005DF882 = {
			isa = PBXGroup;
			children = (
				BDD4B78C255D439E005DF882 /* exercise_collection_view */,
				BDD4B78B255D439E005DF882 /* Products */,
			);
			sourceTree = "<group>";
		};
		BDD4B78B255D439E005DF882 /* Products */ = {
			isa = PBXGroup;
			children = (
				BDD4B78A255D439E005DF882 /* exercise_collection_view.app */,
			);
			name = Products;
			sourceTree = "<group>";
		};
		BDD4B78C255D439E005DF882 /* exercise_collection_view */ = {
			isa = PBXGroup;
			children = (
				BDD4B78D255D439E005DF882 /* AppDelegate.swift */,
				BDD4B78F255D439E005DF882 /* SceneDelegate.swift */,
				BDD4B791255D439E005DF882 /* ViewController.swift */,
				BDD4B793255D439E005DF882 /* Main.storyboard */,
				BDD4B796255D439F005DF882 /* Assets.xcassets */,
				BDD4B798255D439F005DF882 /* LaunchScreen.storyboard */,
				BDD4B79B255D439F005DF882 /* Info.plist */,
				BDD4B7A2255D4649005DF882 /* CollectionViewCell.swift */,
			);
			path = exercise_collection_view;
			sourceTree = "<group>";
		};
/* End PBXGroup section */

/* Begin PBXNativeTarget section */
		BDD4B789255D439E005DF882 /* exercise_collection_view */ = {
			isa = PBXNativeTarget;
			buildConfigurationList = BDD4B79E255D439F005DF882 /* Build configuration list for PBXNativeTarget "exercise_collection_view" */;
			buildPhases = (
				BDD4B786255D439E005DF882 /* Sources */,
				BDD4B787255D439E005DF882 /* Frameworks */,
				BDD4B788255D439E005DF882 /* Resources */,
			);
			buildRules = (
			);
			dependencies = (
			);
			name = exercise_collection_view;
			productName = exercise_collection_view;
			productReference = BDD4B78A255D439E005DF882 /* exercise_collection_view.app */;
			productType = "com.apple.product-type.application";
		};
/* End PBXNativeTarget section */

/* Begin PBXProject section */
		BDD4B782255D439E005DF882 /* Project object */ = {
			isa = PBXProject;
			attributes = {
				LastSwiftUpdateCheck = 1210;
				LastUpgradeCheck = 1210;
				TargetAttributes = {
					BDD4B789255D439E005DF882 = {
						CreatedOnToolsVersion = 12.1;
					};
				};
			};
			buildConfigurationList = BDD4B785255D439E005DF882 /* Build configuration list for PBXProject "exercise_collection_view" */;
			compatibilityVersion = "Xcode 9.3";
			developmentRegion = en;
			hasScannedForEncodings = 0;
			knownRegions = (
				en,
				Base,
			);
			mainGroup = BDD4B781255D439E005DF882;
			productRefGroup = BDD4B78B255D439E005DF882 /* Products */;
			projectDirPath = "";
			projectRoot = "";
			targets = (
				BDD4B789255D439E005DF882 /* exercise_collection_view */,
			);
		};
/* End PBXProject section */

/* Begin PBXResourcesBuildPhase section */
		BDD4B788255D439E005DF882 /* Resources */ = {
			isa = PBXResourcesBuildPhase;
			buildActionMask = 2147483647;
			files = (
				BDD4B79A255D439F005DF882 /* LaunchScreen.storyboard in Resources */,
				BDD4B797255D439F005DF882 /* Assets.xcassets in Resources */,
				BDD4B795255D439E005DF882 /* Main.storyboard in Resources */,
			);
			runOnlyForDeploymentPostprocessing = 0;
		};
/* End PBXResourcesBuildPhase section */

/* Begin PBXSourcesBuildPhase section */
		BDD4B786255D439E005DF882 /* Sources */ = {
			isa = PBXSourcesBuildPhase;
			buildActionMask = 2147483647;
			files = (
				BDD4B792255D439E005DF882 /* ViewController.swift in Sources */,
				BDD4B78E255D439E005DF882 /* AppDelegate.swift in Sources */,
				BDD4B7A3255D4649005DF882 /* CollectionViewCell.swift in Sources */,
				BDD4B790255D439E005DF882 /* SceneDelegate.swift in Sources */,
			);
			runOnlyForDeploymentPostprocessing = 0;
		};
/* End PBXSourcesBuildPhase section */

/* Begin PBXVariantGroup section */
		BDD4B793255D439E005DF882 /* Main.storyboard */ = {
			isa = PBXVariantGroup;
			children = (
				BDD4B794255D439E005DF882 /* Base */,
			);
			name = Main.storyboard;
			sourceTree = "<group>";
		};
		BDD4B798255D439F005DF882 /* LaunchScreen.storyboard */ = {
			isa = PBXVariantGroup;
			children = (
				BDD4B799255D439F005DF882 /* Base */,
			);
			name = LaunchScreen.storyboard;
			sourceTree = "<group>";
		};
/* End PBXVariantGroup section */

/* Begin XCBuildConfiguration section */
		BDD4B79C255D439F005DF882 /* Debug */ = {
			isa = XCBuildConfiguration;
			buildSettings = {
				ALWAYS_SEARCH_USER_PATHS = NO;
				CLANG_ANALYZER_NONNULL = YES;
				CLANG_ANALYZER_NUMBER_OBJECT_CONVERSION = YES_AGGRESSIVE;
				CLANG_CXX_LANGUAGE_STANDARD = "gnu++14";
				CLANG_CXX_LIBRARY = "libc++";
				CLANG_ENABLE_MODULES = YES;
				CLANG_ENABLE_OBJC_ARC = YES;
				CLANG_ENABLE_OBJC_WEAK = YES;
				CLANG_WARN_BLOCK_CAPTURE_AUTORELEASING = YES;
				CLANG_WARN_BOOL_CONVERSION = YES;
				CLANG_WARN_COMMA = YES;
				CLANG_WARN_CONSTANT_CONVERSION = YES;
				CLANG_WARN_DEPRECATED_OBJC_IMPLEMENTATIONS = YES;
				CLANG_WARN_DIRECT_OBJC_ISA_USAGE = YES_ERROR;
				CLANG_WARN_DOCUMENTATION_COMMENTS = YES;
				CLANG_WARN_EMPTY_BODY = YES;
				CLANG_WARN_ENUM_CONVERSION = YES;
				CLANG_WARN_INFINITE_RECURSION = YES;
				CLANG_WARN_INT_CONVERSION = YES;
				CLANG_WARN_NON_LITERAL_NULL_CONVERSION = YES;
				CLANG_WARN_OBJC_IMPLICIT_RETAIN_SELF = YES;
				CLANG_WARN_OBJC_LITERAL_CONVERSION = YES;
				CLANG_WARN_OBJC_ROOT_CLASS = YES_ERROR;
				CLANG_WARN_QUOTED_INCLUDE_IN_FRAMEWORK_HEADER = YES;
				CLANG_WARN_RANGE_LOOP_ANALYSIS = YES;
				CLANG_WARN_STRICT_PROTOTYPES = YES;
				CLANG_WARN_SUSPICIOUS_MOVE = YES;
				CLANG_WARN_UNGUARDED_AVAILABILITY = YES_AGGRESSIVE;
				CLANG_WARN_UNREACHABLE_CODE = YES;
				CLANG_WARN__DUPLICATE_METHOD_MATCH = YES;
				COPY_PHASE_STRIP = NO;
				DEBUG_INFORMATION_FORMAT = dwarf;
				ENABLE_STRICT_OBJC_MSGSEND = YES;
				ENABLE_TESTABILITY = YES;
				GCC_C_LANGUAGE_STANDARD = gnu11;
				GCC_DYNAMIC_NO_PIC = NO;
				GCC_NO_COMMON_BLOCKS = YES;
				GCC_OPTIMIZATION_LEVEL = 0;
				GCC_PREPROCESSOR_DEFINITIONS = (
					"DEBUG=1",
					"$(inherited)",
				);
				GCC_WARN_64_TO_32_BIT_CONVERSION = YES;
				GCC_WARN_ABOUT_RETURN_TYPE = YES_ERROR;
				GCC_WARN_UNDECLARED_SELECTOR = YES;
				GCC_WARN_UNINITIALIZED_AUTOS = YES_AGGRESSIVE;
				GCC_WARN_UNUSED_FUNCTION = YES;
				GCC_WARN_UNUSED_VARIABLE = YES;
				IPHONEOS_DEPLOYMENT_TARGET = 14.1;
				MTL_ENABLE_DEBUG_INFO = INCLUDE_SOURCE;
				MTL_FAST_MATH = YES;
				ONLY_ACTIVE_ARCH = YES;
				SDKROOT = iphoneos;
				SWIFT_ACTIVE_COMPILATION_CONDITIONS = DEBUG;
				SWIFT_OPTIMIZATION_LEVEL = "-Onone";
			};
			name = Debug;
		};
		BDD4B79D255D439F005DF882 /* Release */ = {
			isa = XCBuildConfiguration;
			buildSettings = {
				ALWAYS_SEARCH_USER_PATHS = NO;
				CLANG_ANALYZER_NONNULL = YES;
				CLANG_ANALYZER_NUMBER_OBJECT_CONVERSION = YES_AGGRESSIVE;
				CLANG_CXX_LANGUAGE_STANDARD = "gnu++14";
				CLANG_CXX_LIBRARY = "libc++";
				CLANG_ENABLE_MODULES = YES;
				CLANG_ENABLE_OBJC_ARC = YES;
				CLANG_ENABLE_OBJC_WEAK = YES;
				CLANG_WARN_BLOCK_CAPTURE_AUTORELEASING = YES;
				CLANG_WARN_BOOL_CONVERSION = YES;
				CLANG_WARN_COMMA = YES;
				CLANG_WARN_CONSTANT_CONVERSION = YES;
				CLANG_WARN_DEPRECATED_OBJC_IMPLEMENTATIONS = YES;
				CLANG_WARN_DIRECT_OBJC_ISA_USAGE = YES_ERROR;
				CLANG_WARN_DOCUMENTATION_COMMENTS = YES;
				CLANG_WARN_EMPTY_BODY = YES;
				CLANG_WARN_ENUM_CONVERSION = YES;
				CLANG_WARN_INFINITE_RECURSION = YES;
				CLANG_WARN_INT_CONVERSION = YES;
				CLANG_WARN_NON_LITERAL_NULL_CONVERSION = YES;
				CLANG_WARN_OBJC_IMPLICIT_RETAIN_SELF = YES;
				CLANG_WARN_OBJC_LITERAL_CONVERSION = YES;
				CLANG_WARN_OBJC_ROOT_CLASS = YES_ERROR;
				CLANG_WARN_QUOTED_INCLUDE_IN_FRAMEWORK_HEADER = YES;
				CLANG_WARN_RANGE_LOOP_ANALYSIS = YES;
				CLANG_WARN_STRICT_PROTOTYPES = YES;
				CLANG_WARN_SUSPICIOUS_MOVE = YES;
				CLANG_WARN_UNGUARDED_AVAILABILITY = YES_AGGRESSIVE;
				CLANG_WARN_UNREACHABLE_CODE = YES;
				CLANG_WARN__DUPLICATE_METHOD_MATCH = YES;
				COPY_PHASE_STRIP = NO;
				DEBUG_INFORMATION_FORMAT = "dwarf-with-dsym";
				ENABLE_NS_ASSERTIONS = NO;
				ENABLE_STRICT_OBJC_MSGSEND = YES;
				GCC_C_LANGUAGE_STANDARD = gnu11;
				GCC_NO_COMMON_BLOCKS = YES;
				GCC_WARN_64_TO_32_BIT_CONVERSION = YES;
				GCC_WARN_ABOUT_RETURN_TYPE = YES_ERROR;
				GCC_WARN_UNDECLARED_SELECTOR = YES;
				GCC_WARN_UNINITIALIZED_AUTOS = YES_AGGRESSIVE;
				GCC_WARN_UNUSED_FUNCTION = YES;
				GCC_WARN_UNUSED_VARIABLE = YES;
				IPHONEOS_DEPLOYMENT_TARGET = 14.1;
				MTL_ENABLE_DEBUG_INFO = NO;
				MTL_FAST_MATH = YES;
				SDKROOT = iphoneos;
				SWIFT_COMPILATION_MODE = wholemodule;
				SWIFT_OPTIMIZATION_LEVEL = "-O";
				VALIDATE_PRODUCT = YES;
			};
			name = Release;
		};
		BDD4B79F255D439F005DF882 /* Debug */ = {
			isa = XCBuildConfiguration;
			buildSettings = {
				ASSETCATALOG_COMPILER_APPICON_NAME = AppIcon;
				ASSETCATALOG_COMPILER_GLOBAL_ACCENT_COLOR_NAME = AccentColor;
				CODE_SIGN_STYLE = Automatic;
				INFOPLIST_FILE = exercise_collection_view/Info.plist;
				LD_RUNPATH_SEARCH_PATHS = (
					"$(inherited)",
					"@executable_path/Frameworks",
				);
				PRODUCT_BUNDLE_IDENTIFIER = "junec.exercise-collection-view";
				PRODUCT_NAME = "$(TARGET_NAME)";
				SWIFT_VERSION = 5.0;
				TARGETED_DEVICE_FAMILY = "1,2";
			};
			name = Debug;
		};
		BDD4B7A0255D439F005DF882 /* Release */ = {
			isa = XCBuildConfiguration;
			buildSettings = {
				ASSETCATALOG_COMPILER_APPICON_NAME = AppIcon;
				ASSETCATALOG_COMPILER_GLOBAL_ACCENT_COLOR_NAME = AccentColor;
				CODE_SIGN_STYLE = Automatic;
				INFOPLIST_FILE = exercise_collection_view/Info.plist;
				LD_RUNPATH_SEARCH_PATHS = (
					"$(inherited)",
					"@executable_path/Frameworks",
				);
				PRODUCT_BUNDLE_IDENTIFIER = "junec.exercise-collection-view";
				PRODUCT_NAME = "$(TARGET_NAME)";
				SWIFT_VERSION = 5.0;
				TARGETED_DEVICE_FAMILY = "1,2";
			};
			name = Release;
		};
/* End XCBuildConfiguration section */

/* Begin XCConfigurationList section */
		BDD4B785255D439E005DF882 /* Build configuration list for PBXProject "exercise_collection_view" */ = {
			isa = XCConfigurationList;
			buildConfigurations = (
				BDD4B79C255D439F005DF882 /* Debug */,
				BDD4B79D255D439F005DF882 /* Release */,
			);
			defaultConfigurationIsVisible = 0;
			defaultConfigurationName = Release;
		};
		BDD4B79E255D439F005DF882 /* Build configuration list for PBXNativeTarget "exercise_collection_view" */ = {
			isa = XCConfigurationList;
			buildConfigurations = (
				BDD4B79F255D439F005DF882 /* Debug */,
				BDD4B7A0255D439F005DF882 /* Release */,
			);
			defaultConfigurationIsVisible = 0;
			defaultConfigurationName = Release;
		};
/* End XCConfigurationList section */
	};
	rootObject = BDD4B782255D439E005DF882 /* Project object */;
}
