// !$*UTF8*$!
{
	archiveVersion = 1;
	classes = {
	};
	objectVersion = 50;
	objects = {

/* Begin PBXBuildFile section */
		BD41348E2535FB87006ACACB /* AppDelegate.swift in Sources */ = {isa = PBXBuildFile; fileRef = BD41348D2535FB87006ACACB /* AppDelegate.swift */; };
		BD4134902535FB87006ACACB /* SceneDelegate.swift in Sources */ = {isa = PBXBuildFile; fileRef = BD41348F2535FB87006ACACB /* SceneDelegate.swift */; };
		BD4134922535FB87006ACACB /* ViewController.swift in Sources */ = {isa = PBXBuildFile; fileRef = BD4134912535FB87006ACACB /* ViewController.swift */; };
		BD4134952535FB87006ACACB /* Main.storyboard in Resources */ = {isa = PBXBuildFile; fileRef = BD4134932535FB87006ACACB /* Main.storyboard */; };
		BD4134972535FB8A006ACACB /* Assets.xcassets in Resources */ = {isa = PBXBuildFile; fileRef = BD4134962535FB8A006ACACB /* Assets.xcassets */; };
		BD41349A2535FB8A006ACACB /* LaunchScreen.storyboard in Resources */ = {isa = PBXBuildFile; fileRef = BD4134982535FB8A006ACACB /* LaunchScreen.storyboard */; };
		BD4134A325360293006ACACB /* LoginViewController.swift in Sources */ = {isa = PBXBuildFile; fileRef = BD4134A225360293006ACACB /* LoginViewController.swift */; };
		BD4134A625369086006ACACB /* SignUpViewController.swift in Sources */ = {isa = PBXBuildFile; fileRef = BD4134A525369086006ACACB /* SignUpViewController.swift */; };
/* End PBXBuildFile section */

/* Begin PBXFileReference section */
		BD41348A2535FB87006ACACB /* Seminar_week1_assignment.app */ = {isa = PBXFileReference; explicitFileType = wrapper.application; includeInIndex = 0; path = Seminar_week1_assignment.app; sourceTree = BUILT_PRODUCTS_DIR; };
		BD41348D2535FB87006ACACB /* AppDelegate.swift */ = {isa = PBXFileReference; lastKnownFileType = sourcecode.swift; path = AppDelegate.swift; sourceTree = "<group>"; };
		BD41348F2535FB87006ACACB /* SceneDelegate.swift */ = {isa = PBXFileReference; lastKnownFileType = sourcecode.swift; path = SceneDelegate.swift; sourceTree = "<group>"; };
		BD4134912535FB87006ACACB /* ViewController.swift */ = {isa = PBXFileReference; lastKnownFileType = sourcecode.swift; path = ViewController.swift; sourceTree = "<group>"; };
		BD4134942535FB87006ACACB /* Base */ = {isa = PBXFileReference; lastKnownFileType = file.storyboard; name = Base; path = Base.lproj/Main.storyboard; sourceTree = "<group>"; };
		BD4134962535FB8A006ACACB /* Assets.xcassets */ = {isa = PBXFileReference; lastKnownFileType = folder.assetcatalog; path = Assets.xcassets; sourceTree = "<group>"; };
		BD4134992535FB8A006ACACB /* Base */ = {isa = PBXFileReference; lastKnownFileType = file.storyboard; name = Base; path = Base.lproj/LaunchScreen.storyboard; sourceTree = "<group>"; };
		BD41349B2535FB8A006ACACB /* Info.plist */ = {isa = PBXFileReference; lastKnownFileType = text.plist.xml; path = Info.plist; sourceTree = "<group>"; };
		BD4134A225360293006ACACB /* LoginViewController.swift */ = {isa = PBXFileReference; lastKnownFileType = sourcecode.swift; path = LoginViewController.swift; sourceTree = "<group>"; };
		BD4134A525369086006ACACB /* SignUpViewController.swift */ = {isa = PBXFileReference; lastKnownFileType = sourcecode.swift; path = SignUpViewController.swift; sourceTree = "<group>"; };
/* End PBXFileReference section */

/* Begin PBXFrameworksBuildPhase section */
		BD4134872535FB87006ACACB /* Frameworks */ = {
			isa = PBXFrameworksBuildPhase;
			buildActionMask = 2147483647;
			files = (
			);
			runOnlyForDeploymentPostprocessing = 0;
		};
/* End PBXFrameworksBuildPhase section */

/* Begin PBXGroup section */
		BD4134812535FB87006ACACB = {
			isa = PBXGroup;
			children = (
				BD41348C2535FB87006ACACB /* Seminar_week1_assignment */,
				BD41348B2535FB87006ACACB /* Products */,
			);
			sourceTree = "<group>";
		};
		BD41348B2535FB87006ACACB /* Products */ = {
			isa = PBXGroup;
			children = (
				BD41348A2535FB87006ACACB /* Seminar_week1_assignment.app */,
			);
			name = Products;
			sourceTree = "<group>";
		};
		BD41348C2535FB87006ACACB /* Seminar_week1_assignment */ = {
			isa = PBXGroup;
			children = (
				BD4134A82536914C006ACACB /* ViewController */,
				BD41348D2535FB87006ACACB /* AppDelegate.swift */,
				BD41348F2535FB87006ACACB /* SceneDelegate.swift */,
				BD4134932535FB87006ACACB /* Main.storyboard */,
				BD4134962535FB8A006ACACB /* Assets.xcassets */,
				BD4134982535FB8A006ACACB /* LaunchScreen.storyboard */,
				BD41349B2535FB8A006ACACB /* Info.plist */,
			);
			path = Seminar_week1_assignment;
			sourceTree = "<group>";
		};
		BD4134A82536914C006ACACB /* ViewController */ = {
			isa = PBXGroup;
			children = (
				BD4134A525369086006ACACB /* SignUpViewController.swift */,
				BD4134912535FB87006ACACB /* ViewController.swift */,
				BD4134A225360293006ACACB /* LoginViewController.swift */,
			);
			path = ViewController;
			sourceTree = "<group>";
		};
/* End PBXGroup section */

/* Begin PBXNativeTarget section */
		BD4134892535FB87006ACACB /* Seminar_week1_assignment */ = {
			isa = PBXNativeTarget;
			buildConfigurationList = BD41349E2535FB8A006ACACB /* Build configuration list for PBXNativeTarget "Seminar_week1_assignment" */;
			buildPhases = (
				BD4134862535FB87006ACACB /* Sources */,
				BD4134872535FB87006ACACB /* Frameworks */,
				BD4134882535FB87006ACACB /* Resources */,
			);
			buildRules = (
			);
			dependencies = (
			);
			name = Seminar_week1_assignment;
			productName = Seminar_week1_assignment;
			productReference = BD41348A2535FB87006ACACB /* Seminar_week1_assignment.app */;
			productType = "com.apple.product-type.application";
		};
/* End PBXNativeTarget section */

/* Begin PBXProject section */
		BD4134822535FB87006ACACB /* Project object */ = {
			isa = PBXProject;
			attributes = {
				LastSwiftUpdateCheck = 1200;
				LastUpgradeCheck = 1200;
				TargetAttributes = {
					BD4134892535FB87006ACACB = {
						CreatedOnToolsVersion = 12.0.1;
					};
				};
			};
			buildConfigurationList = BD4134852535FB87006ACACB /* Build configuration list for PBXProject "Seminar_week1_assignment" */;
			compatibilityVersion = "Xcode 9.3";
			developmentRegion = en;
			hasScannedForEncodings = 0;
			knownRegions = (
				en,
				Base,
			);
			mainGroup = BD4134812535FB87006ACACB;
			productRefGroup = BD41348B2535FB87006ACACB /* Products */;
			projectDirPath = "";
			projectRoot = "";
			targets = (
				BD4134892535FB87006ACACB /* Seminar_week1_assignment */,
			);
		};
/* End PBXProject section */

/* Begin PBXResourcesBuildPhase section */
		BD4134882535FB87006ACACB /* Resources */ = {
			isa = PBXResourcesBuildPhase;
			buildActionMask = 2147483647;
			files = (
				BD41349A2535FB8A006ACACB /* LaunchScreen.storyboard in Resources */,
				BD4134972535FB8A006ACACB /* Assets.xcassets in Resources */,
				BD4134952535FB87006ACACB /* Main.storyboard in Resources */,
			);
			runOnlyForDeploymentPostprocessing = 0;
		};
/* End PBXResourcesBuildPhase section */

/* Begin PBXSourcesBuildPhase section */
		BD4134862535FB87006ACACB /* Sources */ = {
			isa = PBXSourcesBuildPhase;
			buildActionMask = 2147483647;
			files = (
				BD4134A325360293006ACACB /* LoginViewController.swift in Sources */,
				BD4134922535FB87006ACACB /* ViewController.swift in Sources */,
				BD41348E2535FB87006ACACB /* AppDelegate.swift in Sources */,
				BD4134902535FB87006ACACB /* SceneDelegate.swift in Sources */,
				BD4134A625369086006ACACB /* SignUpViewController.swift in Sources */,
			);
			runOnlyForDeploymentPostprocessing = 0;
		};
/* End PBXSourcesBuildPhase section */

/* Begin PBXVariantGroup section */
		BD4134932535FB87006ACACB /* Main.storyboard */ = {
			isa = PBXVariantGroup;
			children = (
				BD4134942535FB87006ACACB /* Base */,
			);
			name = Main.storyboard;
			sourceTree = "<group>";
		};
		BD4134982535FB8A006ACACB /* LaunchScreen.storyboard */ = {
			isa = PBXVariantGroup;
			children = (
				BD4134992535FB8A006ACACB /* Base */,
			);
			name = LaunchScreen.storyboard;
			sourceTree = "<group>";
		};
/* End PBXVariantGroup section */

/* Begin XCBuildConfiguration section */
		BD41349C2535FB8A006ACACB /* Debug */ = {
			isa = XCBuildConfiguration;
			buildSettings = {
				ALWAYS_SEARCH_USER_PATHS = NO;
				CLANG_ANALYZER_NONNULL = YES;
				CLANG_ANALYZER_NUMBER_OBJECT_CONVERSION = YES_AGGRESSIVE;
				CLANG_CXX_LANGUAGE_STANDARD = "gnu++14";
				CLANG_CXX_LIBRARY = "libc++";
				CLANG_ENABLE_MODULES = YES;
				CLANG_ENABLE_OBJC_ARC = YES;
				CLANG_ENABLE_OBJC_WEAK = YES;
				CLANG_WARN_BLOCK_CAPTURE_AUTORELEASING = YES;
				CLANG_WARN_BOOL_CONVERSION = YES;
				CLANG_WARN_COMMA = YES;
				CLANG_WARN_CONSTANT_CONVERSION = YES;
				CLANG_WARN_DEPRECATED_OBJC_IMPLEMENTATIONS = YES;
				CLANG_WARN_DIRECT_OBJC_ISA_USAGE = YES_ERROR;
				CLANG_WARN_DOCUMENTATION_COMMENTS = YES;
				CLANG_WARN_EMPTY_BODY = YES;
				CLANG_WARN_ENUM_CONVERSION = YES;
				CLANG_WARN_INFINITE_RECURSION = YES;
				CLANG_WARN_INT_CONVERSION = YES;
				CLANG_WARN_NON_LITERAL_NULL_CONVERSION = YES;
				CLANG_WARN_OBJC_IMPLICIT_RETAIN_SELF = YES;
				CLANG_WARN_OBJC_LITERAL_CONVERSION = YES;
				CLANG_WARN_OBJC_ROOT_CLASS = YES_ERROR;
				CLANG_WARN_QUOTED_INCLUDE_IN_FRAMEWORK_HEADER = YES;
				CLANG_WARN_RANGE_LOOP_ANALYSIS = YES;
				CLANG_WARN_STRICT_PROTOTYPES = YES;
				CLANG_WARN_SUSPICIOUS_MOVE = YES;
				CLANG_WARN_UNGUARDED_AVAILABILITY = YES_AGGRESSIVE;
				CLANG_WARN_UNREACHABLE_CODE = YES;
				CLANG_WARN__DUPLICATE_METHOD_MATCH = YES;
				COPY_PHASE_STRIP = NO;
				DEBUG_INFORMATION_FORMAT = dwarf;
				ENABLE_STRICT_OBJC_MSGSEND = YES;
				ENABLE_TESTABILITY = YES;
				GCC_C_LANGUAGE_STANDARD = gnu11;
				GCC_DYNAMIC_NO_PIC = NO;
				GCC_NO_COMMON_BLOCKS = YES;
				GCC_OPTIMIZATION_LEVEL = 0;
				GCC_PREPROCESSOR_DEFINITIONS = (
					"DEBUG=1",
					"$(inherited)",
				);
				GCC_WARN_64_TO_32_BIT_CONVERSION = YES;
				GCC_WARN_ABOUT_RETURN_TYPE = YES_ERROR;
				GCC_WARN_UNDECLARED_SELECTOR = YES;
				GCC_WARN_UNINITIALIZED_AUTOS = YES_AGGRESSIVE;
				GCC_WARN_UNUSED_FUNCTION = YES;
				GCC_WARN_UNUSED_VARIABLE = YES;
				IPHONEOS_DEPLOYMENT_TARGET = 14.0;
				MTL_ENABLE_DEBUG_INFO = INCLUDE_SOURCE;
				MTL_FAST_MATH = YES;
				ONLY_ACTIVE_ARCH = YES;
				SDKROOT = iphoneos;
				SWIFT_ACTIVE_COMPILATION_CONDITIONS = DEBUG;
				SWIFT_OPTIMIZATION_LEVEL = "-Onone";
			};
			name = Debug;
		};
		BD41349D2535FB8A006ACACB /* Release */ = {
			isa = XCBuildConfiguration;
			buildSettings = {
				ALWAYS_SEARCH_USER_PATHS = NO;
				CLANG_ANALYZER_NONNULL = YES;
				CLANG_ANALYZER_NUMBER_OBJECT_CONVERSION = YES_AGGRESSIVE;
				CLANG_CXX_LANGUAGE_STANDARD = "gnu++14";
				CLANG_CXX_LIBRARY = "libc++";
				CLANG_ENABLE_MODULES = YES;
				CLANG_ENABLE_OBJC_ARC = YES;
				CLANG_ENABLE_OBJC_WEAK = YES;
				CLANG_WARN_BLOCK_CAPTURE_AUTORELEASING = YES;
				CLANG_WARN_BOOL_CONVERSION = YES;
				CLANG_WARN_COMMA = YES;
				CLANG_WARN_CONSTANT_CONVERSION = YES;
				CLANG_WARN_DEPRECATED_OBJC_IMPLEMENTATIONS = YES;
				CLANG_WARN_DIRECT_OBJC_ISA_USAGE = YES_ERROR;
				CLANG_WARN_DOCUMENTATION_COMMENTS = YES;
				CLANG_WARN_EMPTY_BODY = YES;
				CLANG_WARN_ENUM_CONVERSION = YES;
				CLANG_WARN_INFINITE_RECURSION = YES;
				CLANG_WARN_INT_CONVERSION = YES;
				CLANG_WARN_NON_LITERAL_NULL_CONVERSION = YES;
				CLANG_WARN_OBJC_IMPLICIT_RETAIN_SELF = YES;
				CLANG_WARN_OBJC_LITERAL_CONVERSION = YES;
				CLANG_WARN_OBJC_ROOT_CLASS = YES_ERROR;
				CLANG_WARN_QUOTED_INCLUDE_IN_FRAMEWORK_HEADER = YES;
				CLANG_WARN_RANGE_LOOP_ANALYSIS = YES;
				CLANG_WARN_STRICT_PROTOTYPES = YES;
				CLANG_WARN_SUSPICIOUS_MOVE = YES;
				CLANG_WARN_UNGUARDED_AVAILABILITY = YES_AGGRESSIVE;
				CLANG_WARN_UNREACHABLE_CODE = YES;
				CLANG_WARN__DUPLICATE_METHOD_MATCH = YES;
				COPY_PHASE_STRIP = NO;
				DEBUG_INFORMATION_FORMAT = "dwarf-with-dsym";
				ENABLE_NS_ASSERTIONS = NO;
				ENABLE_STRICT_OBJC_MSGSEND = YES;
				GCC_C_LANGUAGE_STANDARD = gnu11;
				GCC_NO_COMMON_BLOCKS = YES;
				GCC_WARN_64_TO_32_BIT_CONVERSION = YES;
				GCC_WARN_ABOUT_RETURN_TYPE = YES_ERROR;
				GCC_WARN_UNDECLARED_SELECTOR = YES;
				GCC_WARN_UNINITIALIZED_AUTOS = YES_AGGRESSIVE;
				GCC_WARN_UNUSED_FUNCTION = YES;
				GCC_WARN_UNUSED_VARIABLE = YES;
				IPHONEOS_DEPLOYMENT_TARGET = 14.0;
				MTL_ENABLE_DEBUG_INFO = NO;
				MTL_FAST_MATH = YES;
				SDKROOT = iphoneos;
				SWIFT_COMPILATION_MODE = wholemodule;
				SWIFT_OPTIMIZATION_LEVEL = "-O";
				VALIDATE_PRODUCT = YES;
			};
			name = Release;
		};
		BD41349F2535FB8A006ACACB /* Debug */ = {
			isa = XCBuildConfiguration;
			buildSettings = {
				ASSETCATALOG_COMPILER_APPICON_NAME = AppIcon;
				ASSETCATALOG_COMPILER_GLOBAL_ACCENT_COLOR_NAME = AccentColor;
				CODE_SIGN_STYLE = Automatic;
				INFOPLIST_FILE = Seminar_week1_assignment/Info.plist;
				LD_RUNPATH_SEARCH_PATHS = (
					"$(inherited)",
					"@executable_path/Frameworks",
				);
				PRODUCT_BUNDLE_IDENTIFIER = "junec.Seminar-week1-assignment";
				PRODUCT_NAME = "$(TARGET_NAME)";
				SWIFT_VERSION = 5.0;
				TARGETED_DEVICE_FAMILY = "1,2";
			};
			name = Debug;
		};
		BD4134A02535FB8A006ACACB /* Release */ = {
			isa = XCBuildConfiguration;
			buildSettings = {
				ASSETCATALOG_COMPILER_APPICON_NAME = AppIcon;
				ASSETCATALOG_COMPILER_GLOBAL_ACCENT_COLOR_NAME = AccentColor;
				CODE_SIGN_STYLE = Automatic;
				INFOPLIST_FILE = Seminar_week1_assignment/Info.plist;
				LD_RUNPATH_SEARCH_PATHS = (
					"$(inherited)",
					"@executable_path/Frameworks",
				);
				PRODUCT_BUNDLE_IDENTIFIER = "junec.Seminar-week1-assignment";
				PRODUCT_NAME = "$(TARGET_NAME)";
				SWIFT_VERSION = 5.0;
				TARGETED_DEVICE_FAMILY = "1,2";
			};
			name = Release;
		};
/* End XCBuildConfiguration section */

/* Begin XCConfigurationList section */
		BD4134852535FB87006ACACB /* Build configuration list for PBXProject "Seminar_week1_assignment" */ = {
			isa = XCConfigurationList;
			buildConfigurations = (
				BD41349C2535FB8A006ACACB /* Debug */,
				BD41349D2535FB8A006ACACB /* Release */,
			);
			defaultConfigurationIsVisible = 0;
			defaultConfigurationName = Release;
		};
		BD41349E2535FB8A006ACACB /* Build configuration list for PBXNativeTarget "Seminar_week1_assignment" */ = {
			isa = XCConfigurationList;
			buildConfigurations = (
				BD41349F2535FB8A006ACACB /* Debug */,
				BD4134A02535FB8A006ACACB /* Release */,
			);
			defaultConfigurationIsVisible = 0;
			defaultConfigurationName = Release;
		};
/* End XCConfigurationList section */
	};
	rootObject = BD4134822535FB87006ACACB /* Project object */;
}
