PODS:
  - Alamofire (5.2.2)
  - Kingfisher (5.15.7):
    - Kingfisher/Core (= 5.15.7)
  - Kingfisher/Core (5.15.7)

DEPENDENCIES:
  - Alamofire (~> 5.2.2)
  - Kingfisher

SPEC REPOS:
  trunk:
    - Alamofire
    - Kingfisher

SPEC CHECKSUMS:
  Alamofire: 814429acc853c6c54ff123fc3d2ef66803823ce0
  Kingfisher: 6e1a13523fcb1c86924ce53affe4ac957e544d59

PODFILE CHECKSUM: f9c60c81668ce0f755c0eab032257760162c76b7

COCOAPODS: 1.10.0
